{
  "name": "jarvis",
  "version": "1.0.0",
  "lockfileVersion": 3,
  "requires": true,
  "packages": {
    "": {
      "name": "jarvis",
      "version": "1.0.0",
      "license": "ISC",
      "devDependencies": {
        "@mediapipe/tasks-vision": "^1.1.0"
      }
    },
    "node_modules/@mediapipe/tasks-vision": {
      "version": "1.1.0",
      "resolved": "https://registry.npmjs.org/@mediapipe/tasks-vision/-/tasks-vision-1.1.0.tgz",
      "integrity": "sha512-ZJqh0wMKOINorfSffvDAxzyO1//c+FiG3IkzOdNDnLqvBB3DbMfj0bB/tys2SNf9S914sgoIbIpF4HTOi336cg==",
      "dev": true,
      "license": "Apache-2.0"
    }
  }
}
